
Microsoft Visual Studio Solution File, Format Version 12.00
# Visual Studio 15
VisualStudioVersion = 15.0.26730.15
MinimumVisualStudioVersion = 10.0.40219.1
Project("{FAE04EC0-301F-11D3-BF4B-00C04F79EFBC}") = "Observer", "Observer\Observer.csproj", "{8564AC7D-D93F-44BF-8954-94B0E522D323}"
EndProject
Global
	GlobalSection(SolutionConfigurationPlatforms) = preSolution
		Debug|Any CPU = Debug|Any CPU
		Release|Any CPU = Release|Any CPU
	EndGlobalSection
	GlobalSection(ProjectConfigurationPlatforms) = postSolution
		{8564AC7D-D93F-44BF-8954-94B0E522D323}.Debug|Any CPU.ActiveCfg = Debug|Any CPU
		{8564AC7D-D93F-44BF-8954-94B0E522D323}.Debug|Any CPU.Build.0 = Debug|Any CPU
		{8564AC7D-D93F-44BF-8954-94B0E522D323}.Release|Any CPU.ActiveCfg = Release|Any CPU
		{8564AC7D-D93F-44BF-8954-94B0E522D323}.Release|Any CPU.Build.0 = Release|Any CPU
	EndGlobalSection
	GlobalSection(SolutionProperties) = preSolution
		HideSolutionNode = FALSE
	EndGlobalSection
	GlobalSection(ExtensibilityGlobals) = postSolution
		SolutionGuid = {6B65082C-C75F-4B5A-B26A-031030D6581D}
	EndGlobalSection
EndGlobal
