
Microsoft Visual Studio Solution File, Format Version 12.00
# Visual Studio 15
VisualStudioVersion = 15.0.26730.15
MinimumVisualStudioVersion = 10.0.40219.1
Project("{FAE04EC0-301F-11D3-BF4B-00C04F79EFBC}") = "Singleton", "Singleton\Singleton.csproj", "{1FD2FA48-6B99-4164-AD8F-FE9B3302856B}"
EndProject
Global
	GlobalSection(SolutionConfigurationPlatforms) = preSolution
		Debug|Any CPU = Debug|Any CPU
		Release|Any CPU = Release|Any CPU
	EndGlobalSection
	GlobalSection(ProjectConfigurationPlatforms) = postSolution
		{1FD2FA48-6B99-4164-AD8F-FE9B3302856B}.Debug|Any CPU.ActiveCfg = Debug|Any CPU
		{1FD2FA48-6B99-4164-AD8F-FE9B3302856B}.Debug|Any CPU.Build.0 = Debug|Any CPU
		{1FD2FA48-6B99-4164-AD8F-FE9B3302856B}.Release|Any CPU.ActiveCfg = Release|Any CPU
		{1FD2FA48-6B99-4164-AD8F-FE9B3302856B}.Release|Any CPU.Build.0 = Release|Any CPU
	EndGlobalSection
	GlobalSection(SolutionProperties) = preSolution
		HideSolutionNode = FALSE
	EndGlobalSection
	GlobalSection(ExtensibilityGlobals) = postSolution
		SolutionGuid = {3BE42A32-8AD4-4F3A-8D08-21092E0FA32C}
	EndGlobalSection
EndGlobal
